<?xml version="1.0" encoding="utf-8"?>
<Project ToolsVersion="4.0" xmlns="http://schemas.microsoft.com/developer/msbuild/2003">
  <ItemGroup>
    <Filter Include="Source Files">
      <UniqueIdentifier>{4FC737F1-C7A5-4376-A066-2A32D752A2FF}</UniqueIdentifier>
      <Extensions>cpp;c;cc;cxx;def;odl;idl;hpj;bat;asm;asmx</Extensions>
    </Filter>
    <Filter Include="Header Files">
      <UniqueIdentifier>{93995380-89BD-4b04-88EB-625FBE52EBFB}</UniqueIdentifier>
      <Extensions>h;hh;hpp;hxx;hm;inl;inc;xsd</Extensions>
    </Filter>
    <Filter Include="Resource Files">
      <UniqueIdentifier>{67DA6AB6-F800-4c08-8B7A-83BB121AAD01}</UniqueIdentifier>
      <Extensions>rc;ico;cur;bmp;dlg;rc2;rct;bin;rgs;gif;jpg;jpeg;jpe;resx;tiff;tif;png;wav</Extensions>
    </Filter>
  </ItemGroup>
  <ItemGroup>
    <ClCompile Include="src\drpgsprviewer.cpp">
      <Filter>Source Files</Filter>
    </ClCompile>
    <ClCompile Include="src\animation\svAnimation.cpp">
      <Filter>Source Files</Filter>
    </ClCompile>
    <ClCompile Include="src\animation\svAnimationLoader.cpp">
      <Filter>Source Files</Filter>
    </ClCompile>
    <ClCompile Include="src\animation\svAnimationSet.cpp">
      <Filter>Source Files</Filter>
    </ClCompile>
    <ClCompile Include="src\common\deCmdLineArgs.cpp">
      <Filter>Source Files</Filter>
    </ClCompile>
    <ClCompile Include="src\common\exceptions\decException.cpp">
      <Filter>Source Files</Filter>
    </ClCompile>
    <ClCompile Include="src\common\file\decBaseFileReader.cpp">
      <Filter>Source Files</Filter>
    </ClCompile>
    <ClCompile Include="src\common\file\decBaseFileWriter.cpp">
      <Filter>Source Files</Filter>
    </ClCompile>
    <ClCompile Include="src\common\file\decDiscFileReader.cpp">
      <Filter>Source Files</Filter>
    </ClCompile>
    <ClCompile Include="src\common\file\decDiscFileWriter.cpp">
      <Filter>Source Files</Filter>
    </ClCompile>
    <ClCompile Include="src\common\file\decPath.cpp">
      <Filter>Source Files</Filter>
    </ClCompile>
    <ClCompile Include="src\gui\svDialogInfo.cpp">
      <Filter>Source Files</Filter>
    </ClCompile>
    <ClCompile Include="src\gui\svViewMap.cpp">
      <Filter>Source Files</Filter>
    </ClCompile>
    <ClCompile Include="src\gui\svViewRenderMap.cpp">
      <Filter>Source Files</Filter>
    </ClCompile>
    <ClCompile Include="src\gui\svViewSprite.cpp">
      <Filter>Source Files</Filter>
    </ClCompile>
    <ClCompile Include="src\gui\svWindowMain.cpp">
      <Filter>Source Files</Filter>
    </ClCompile>
    <ClCompile Include="src\map\svMap.cpp">
      <Filter>Source Files</Filter>
    </ClCompile>
    <ClCompile Include="src\map\svMapField.cpp">
      <Filter>Source Files</Filter>
    </ClCompile>
    <ClCompile Include="src\map\svMapLoader.cpp">
      <Filter>Source Files</Filter>
    </ClCompile>
    <ClCompile Include="src\sprite\svSprite.cpp">
      <Filter>Source Files</Filter>
    </ClCompile>
    <ClCompile Include="src\sprite\svSpriteImage.cpp">
      <Filter>Source Files</Filter>
    </ClCompile>
    <ClCompile Include="src\sprite\svSpriteLoader.cpp">
      <Filter>Source Files</Filter>
    </ClCompile>
    <ClCompile Include="src\tile\svTileLoader.cpp">
      <Filter>Source Files</Filter>
    </ClCompile>
  </ItemGroup>
  <ItemGroup>
    <ClInclude Include="src\drpgsprviewer.h">
      <Filter>Header Files</Filter>
    </ClInclude>
    <ClInclude Include="src\foxtoolkit.h">
      <Filter>Header Files</Filter>
    </ClInclude>
    <ClInclude Include="src\animation\svAnimation.h">
      <Filter>Header Files</Filter>
    </ClInclude>
    <ClInclude Include="src\animation\svAnimationLoader.h">
      <Filter>Header Files</Filter>
    </ClInclude>
    <ClInclude Include="src\animation\svAnimationSet.h">
      <Filter>Header Files</Filter>
    </ClInclude>
    <ClInclude Include="src\common\deCmdLineArgs.h">
      <Filter>Header Files</Filter>
    </ClInclude>
    <ClInclude Include="src\common\exceptions.h">
      <Filter>Header Files</Filter>
    </ClInclude>
    <ClInclude Include="src\common\exceptions\decException.h">
      <Filter>Header Files</Filter>
    </ClInclude>
    <ClInclude Include="src\common\file\decBaseFileReader.h">
      <Filter>Header Files</Filter>
    </ClInclude>
    <ClInclude Include="src\common\file\decBaseFileWriter.h">
      <Filter>Header Files</Filter>
    </ClInclude>
    <ClInclude Include="src\common\file\decDiscFileReader.h">
      <Filter>Header Files</Filter>
    </ClInclude>
    <ClInclude Include="src\common\file\decDiscFileWriter.h">
      <Filter>Header Files</Filter>
    </ClInclude>
    <ClInclude Include="src\common\file\decPath.h">
      <Filter>Header Files</Filter>
    </ClInclude>
    <ClInclude Include="src\gui\svDialogInfo.h">
      <Filter>Header Files</Filter>
    </ClInclude>
    <ClInclude Include="src\gui\svViewMap.h">
      <Filter>Header Files</Filter>
    </ClInclude>
    <ClInclude Include="src\gui\svViewRenderMap.h">
      <Filter>Header Files</Filter>
    </ClInclude>
    <ClInclude Include="src\gui\svViewSprite.h">
      <Filter>Header Files</Filter>
    </ClInclude>
    <ClInclude Include="src\gui\svWindowMain.h">
      <Filter>Header Files</Filter>
    </ClInclude>
    <ClInclude Include="src\map\svMap.h">
      <Filter>Header Files</Filter>
    </ClInclude>
    <ClInclude Include="src\map\svMapField.h">
      <Filter>Header Files</Filter>
    </ClInclude>
    <ClInclude Include="src\map\svMapLoader.h">
      <Filter>Header Files</Filter>
    </ClInclude>
    <ClInclude Include="src\sprite\svSprite.h">
      <Filter>Header Files</Filter>
    </ClInclude>
    <ClInclude Include="src\sprite\svSpriteImage.h">
      <Filter>Header Files</Filter>
    </ClInclude>
    <ClInclude Include="src\sprite\svSpriteLoader.h">
      <Filter>Header Files</Filter>
    </ClInclude>
    <ClInclude Include="src\tile\svTileLoader.h">
      <Filter>Header Files</Filter>
    </ClInclude>
    <ClInclude Include="src\config.h">
      <Filter>Header Files</Filter>
    </ClInclude>
  </ItemGroup>
</Project>